
Microsoft Visual Studio Solution File, Format Version 12.00
Project("{FAE04EC0-301F-11D3-BF4B-00C04F79EFBC}") = "PaymentGateWay", "PaymentGateWay\PaymentGateWay.csproj", "{02DD7FF4-F5B9-4BA1-99F6-61C09F9A54E2}"
EndProject
Project("{2150E333-8FDC-42A3-9474-1A3956D46DE8}") = "src", "src", "{EF0ABCAC-6E11-4264-9776-92D347A36754}"
EndProject
Project("{FAE04EC0-301F-11D3-BF4B-00C04F79EFBC}") = "Entities", "Entities\Entities.csproj", "{23898BA3-7FF4-45DA-AD4E-04645BABC577}"
EndProject
Project("{FAE04EC0-301F-11D3-BF4B-00C04F79EFBC}") = "Repository", "Repository\Repository.csproj", "{BC728429-8BE2-4D52-88C5-9B8D58775951}"
EndProject
Project("{FAE04EC0-301F-11D3-BF4B-00C04F79EFBC}") = "Contracts", "Contracts\Contracts.csproj", "{6C7507B9-28FC-49FC-9E3E-395717878B63}"
EndProject
Project("{FAE04EC0-301F-11D3-BF4B-00C04F79EFBC}") = "ServiceContracts", "ServiceContracts\ServiceContracts.csproj", "{44A6DCD7-864E-4431-92F2-849D3F56A9CF}"
EndProject
Project("{FAE04EC0-301F-11D3-BF4B-00C04F79EFBC}") = "Services", "Services\Services.csproj", "{026DA2C2-359A-4AB4-88A3-069D9547895A}"
EndProject
Global
	GlobalSection(SolutionConfigurationPlatforms) = preSolution
		Debug|Any CPU = Debug|Any CPU
		Release|Any CPU = Release|Any CPU
	EndGlobalSection
	GlobalSection(ProjectConfigurationPlatforms) = postSolution
		{02DD7FF4-F5B9-4BA1-99F6-61C09F9A54E2}.Debug|Any CPU.ActiveCfg = Debug|Any CPU
		{02DD7FF4-F5B9-4BA1-99F6-61C09F9A54E2}.Debug|Any CPU.Build.0 = Debug|Any CPU
		{02DD7FF4-F5B9-4BA1-99F6-61C09F9A54E2}.Release|Any CPU.ActiveCfg = Release|Any CPU
		{02DD7FF4-F5B9-4BA1-99F6-61C09F9A54E2}.Release|Any CPU.Build.0 = Release|Any CPU
		{23898BA3-7FF4-45DA-AD4E-04645BABC577}.Debug|Any CPU.ActiveCfg = Debug|Any CPU
		{23898BA3-7FF4-45DA-AD4E-04645BABC577}.Debug|Any CPU.Build.0 = Debug|Any CPU
		{23898BA3-7FF4-45DA-AD4E-04645BABC577}.Release|Any CPU.ActiveCfg = Release|Any CPU
		{23898BA3-7FF4-45DA-AD4E-04645BABC577}.Release|Any CPU.Build.0 = Release|Any CPU
		{BC728429-8BE2-4D52-88C5-9B8D58775951}.Debug|Any CPU.ActiveCfg = Debug|Any CPU
		{BC728429-8BE2-4D52-88C5-9B8D58775951}.Debug|Any CPU.Build.0 = Debug|Any CPU
		{BC728429-8BE2-4D52-88C5-9B8D58775951}.Release|Any CPU.ActiveCfg = Release|Any CPU
		{BC728429-8BE2-4D52-88C5-9B8D58775951}.Release|Any CPU.Build.0 = Release|Any CPU
		{6C7507B9-28FC-49FC-9E3E-395717878B63}.Debug|Any CPU.ActiveCfg = Debug|Any CPU
		{6C7507B9-28FC-49FC-9E3E-395717878B63}.Debug|Any CPU.Build.0 = Debug|Any CPU
		{6C7507B9-28FC-49FC-9E3E-395717878B63}.Release|Any CPU.ActiveCfg = Release|Any CPU
		{6C7507B9-28FC-49FC-9E3E-395717878B63}.Release|Any CPU.Build.0 = Release|Any CPU
		{44A6DCD7-864E-4431-92F2-849D3F56A9CF}.Debug|Any CPU.ActiveCfg = Debug|Any CPU
		{44A6DCD7-864E-4431-92F2-849D3F56A9CF}.Debug|Any CPU.Build.0 = Debug|Any CPU
		{44A6DCD7-864E-4431-92F2-849D3F56A9CF}.Release|Any CPU.ActiveCfg = Release|Any CPU
		{44A6DCD7-864E-4431-92F2-849D3F56A9CF}.Release|Any CPU.Build.0 = Release|Any CPU
		{026DA2C2-359A-4AB4-88A3-069D9547895A}.Debug|Any CPU.ActiveCfg = Debug|Any CPU
		{026DA2C2-359A-4AB4-88A3-069D9547895A}.Debug|Any CPU.Build.0 = Debug|Any CPU
		{026DA2C2-359A-4AB4-88A3-069D9547895A}.Release|Any CPU.ActiveCfg = Release|Any CPU
		{026DA2C2-359A-4AB4-88A3-069D9547895A}.Release|Any CPU.Build.0 = Release|Any CPU
	EndGlobalSection
	GlobalSection(NestedProjects) = preSolution
		{23898BA3-7FF4-45DA-AD4E-04645BABC577} = {EF0ABCAC-6E11-4264-9776-92D347A36754}
		{BC728429-8BE2-4D52-88C5-9B8D58775951} = {EF0ABCAC-6E11-4264-9776-92D347A36754}
		{6C7507B9-28FC-49FC-9E3E-395717878B63} = {EF0ABCAC-6E11-4264-9776-92D347A36754}
		{44A6DCD7-864E-4431-92F2-849D3F56A9CF} = {EF0ABCAC-6E11-4264-9776-92D347A36754}
		{026DA2C2-359A-4AB4-88A3-069D9547895A} = {EF0ABCAC-6E11-4264-9776-92D347A36754}
	EndGlobalSection
EndGlobal
